
Microsoft Visual Studio Solution File, Format Version 12.00
# Visual Studio 15
VisualStudioVersion = 15.0.26430.6
MinimumVisualStudioVersion = 10.0.40219.1
Project("{FAE04EC0-301F-11D3-BF4B-00C04F79EFBC}") = "JuliusSweetland.OptiKey", "src\JuliusSweetland.OptiKey\JuliusSweetland.OptiKey.csproj", "{6865C5AF-C6F0-4BDA-BA1C-7AE8BC225234}"
	ProjectSection(ProjectDependencies) = postProject
		{36B2699D-69D9-486E-8253-E63230CB50E2} = {36B2699D-69D9-486E-8253-E63230CB50E2}
		{2A8B4AE0-48BE-4A49-9C9C-654C195C8AB2} = {2A8B4AE0-48BE-4A49-9C9C-654C195C8AB2}
	EndProjectSection
EndProject
Project("{2150E333-8FDC-42A3-9474-1A3956D46DE8}") = "Solution Items", "Solution Items", "{117E0D45-AA2F-4A2B-AAD5-C3101E1CBCA8}"
	ProjectSection(SolutionItems) = preProject
		docs\Certificates and signing notes.txt = docs\Certificates and signing notes.txt
		docs\Deployment.txt = docs\Deployment.txt
		docs\Design decision notes.txt = docs\Design decision notes.txt
		docs\Icon design notes.txt = docs\Icon design notes.txt
		docs\Localisation.xls = docs\Localisation.xls
		docs\Localize.md = docs\Localize.md
		docs\Physical setup of eye trackers.txt = docs\Physical setup of eye trackers.txt
		docs\UiAccess.txt = docs\UiAccess.txt
		docs\Unicode standard for diacritic marks.pdf = docs\Unicode standard for diacritic marks.pdf
	EndProjectSection
EndProject
Project("{FAE04EC0-301F-11D3-BF4B-00C04F79EFBC}") = "JuliusSweetland.OptiKey.UnitTests", "src\JuliusSweetland.OptiKey.UnitTests\JuliusSweetland.OptiKey.UnitTests.csproj", "{345EB82F-7EF0-4118-A1F1-92DA1AEE5197}"
EndProject
Project("{FAE04EC0-301F-11D3-BF4B-00C04F79EFBC}") = "JuliusSweetland.OptiKey.AutoCompletePerformance", "src\JuliusSweetland.OptiKey.AutoCompletePerformance\JuliusSweetland.OptiKey.AutoCompletePerformance.csproj", "{5831AF7F-EB4B-42A4-8184-0C8B3A77466B}"
EndProject
Project("{2150E333-8FDC-42A3-9474-1A3956D46DE8}") = "OptiKeyLocaleGuideImages", "OptiKeyLocaleGuideImages", "{7468759C-A5A4-4228-B61C-41DE35482069}"
	ProjectSection(SolutionItems) = preProject
		docs\OptiKeyLocaleGuideImages\transifex_dashboard.JPG = docs\OptiKeyLocaleGuideImages\transifex_dashboard.JPG
		docs\OptiKeyLocaleGuideImages\transifex_project_sel.JPG = docs\OptiKeyLocaleGuideImages\transifex_project_sel.JPG
		docs\OptiKeyLocaleGuideImages\transifex_project_str_resx.JPG = docs\OptiKeyLocaleGuideImages\transifex_project_str_resx.JPG
		docs\OptiKeyLocaleGuideImages\transifex_project_trans_box.JPG = docs\OptiKeyLocaleGuideImages\transifex_project_trans_box.JPG
		docs\OptiKeyLocaleGuideImages\transifex_project_trans_page.JPG = docs\OptiKeyLocaleGuideImages\transifex_project_trans_page.JPG
	EndProjectSection
EndProject
Project("{54435603-DBB4-11D2-8724-00A0C9A8B90C}") = "SetupOptiKeyMinecraft", "install\SetupOptiKeyMinecraft\SetupOptiKeyMinecraft\SetupOptiKeyMinecraft.vdproj", "{CCA006AB-9254-4F68-9C4B-F5440A5E8C5E}"
EndProject
Project("{FAE04EC0-301F-11D3-BF4B-00C04F79EFBC}") = "SingleInstance.Wpf", "src\SingleInstance.Wpf\SingleInstance.Wpf.csproj", "{2A8B4AE0-48BE-4A49-9C9C-654C195C8AB2}"
EndProject
Project("{FAE04EC0-301F-11D3-BF4B-00C04F79EFBC}") = "SingleInstance", "src\SingleInstance\SingleInstance.csproj", "{36B2699D-69D9-486E-8253-E63230CB50E2}"
EndProject
Global
	GlobalSection(SolutionConfigurationPlatforms) = preSolution
		Debug|Any CPU = Debug|Any CPU
		Debug|x86 = Debug|x86
		Release|Any CPU = Release|Any CPU
		Release|x86 = Release|x86
	EndGlobalSection
	GlobalSection(ProjectConfigurationPlatforms) = postSolution
		{6865C5AF-C6F0-4BDA-BA1C-7AE8BC225234}.Debug|Any CPU.ActiveCfg = Debug|Any CPU
		{6865C5AF-C6F0-4BDA-BA1C-7AE8BC225234}.Debug|Any CPU.Build.0 = Debug|Any CPU
		{6865C5AF-C6F0-4BDA-BA1C-7AE8BC225234}.Debug|x86.ActiveCfg = Debug|Any CPU
		{6865C5AF-C6F0-4BDA-BA1C-7AE8BC225234}.Debug|x86.Build.0 = Debug|Any CPU
		{6865C5AF-C6F0-4BDA-BA1C-7AE8BC225234}.Release|Any CPU.ActiveCfg = Release|Any CPU
		{6865C5AF-C6F0-4BDA-BA1C-7AE8BC225234}.Release|Any CPU.Build.0 = Release|Any CPU
		{6865C5AF-C6F0-4BDA-BA1C-7AE8BC225234}.Release|x86.ActiveCfg = Release|Any CPU
		{6865C5AF-C6F0-4BDA-BA1C-7AE8BC225234}.Release|x86.Build.0 = Release|Any CPU
		{345EB82F-7EF0-4118-A1F1-92DA1AEE5197}.Debug|Any CPU.ActiveCfg = Debug|Any CPU
		{345EB82F-7EF0-4118-A1F1-92DA1AEE5197}.Debug|Any CPU.Build.0 = Debug|Any CPU
		{345EB82F-7EF0-4118-A1F1-92DA1AEE5197}.Debug|x86.ActiveCfg = Debug|Any CPU
		{345EB82F-7EF0-4118-A1F1-92DA1AEE5197}.Debug|x86.Build.0 = Debug|Any CPU
		{345EB82F-7EF0-4118-A1F1-92DA1AEE5197}.Release|Any CPU.ActiveCfg = Release|Any CPU
		{345EB82F-7EF0-4118-A1F1-92DA1AEE5197}.Release|Any CPU.Build.0 = Release|Any CPU
		{345EB82F-7EF0-4118-A1F1-92DA1AEE5197}.Release|x86.ActiveCfg = Release|Any CPU
		{345EB82F-7EF0-4118-A1F1-92DA1AEE5197}.Release|x86.Build.0 = Release|Any CPU
		{5831AF7F-EB4B-42A4-8184-0C8B3A77466B}.Debug|Any CPU.ActiveCfg = Debug|Any CPU
		{5831AF7F-EB4B-42A4-8184-0C8B3A77466B}.Debug|Any CPU.Build.0 = Debug|Any CPU
		{5831AF7F-EB4B-42A4-8184-0C8B3A77466B}.Debug|x86.ActiveCfg = Debug|Any CPU
		{5831AF7F-EB4B-42A4-8184-0C8B3A77466B}.Release|Any CPU.ActiveCfg = Release|Any CPU
		{5831AF7F-EB4B-42A4-8184-0C8B3A77466B}.Release|Any CPU.Build.0 = Release|Any CPU
		{5831AF7F-EB4B-42A4-8184-0C8B3A77466B}.Release|x86.ActiveCfg = Release|Any CPU
		{CCA006AB-9254-4F68-9C4B-F5440A5E8C5E}.Debug|Any CPU.ActiveCfg = Debug
		{CCA006AB-9254-4F68-9C4B-F5440A5E8C5E}.Debug|Any CPU.Build.0 = Debug
		{CCA006AB-9254-4F68-9C4B-F5440A5E8C5E}.Debug|x86.ActiveCfg = Debug
		{CCA006AB-9254-4F68-9C4B-F5440A5E8C5E}.Debug|x86.Build.0 = Debug
		{CCA006AB-9254-4F68-9C4B-F5440A5E8C5E}.Release|Any CPU.ActiveCfg = Release
		{CCA006AB-9254-4F68-9C4B-F5440A5E8C5E}.Release|Any CPU.Build.0 = Release
		{CCA006AB-9254-4F68-9C4B-F5440A5E8C5E}.Release|x86.ActiveCfg = Release
		{CCA006AB-9254-4F68-9C4B-F5440A5E8C5E}.Release|x86.Build.0 = Release
		{2A8B4AE0-48BE-4A49-9C9C-654C195C8AB2}.Debug|Any CPU.ActiveCfg = Debug|Any CPU
		{2A8B4AE0-48BE-4A49-9C9C-654C195C8AB2}.Debug|Any CPU.Build.0 = Debug|Any CPU
		{2A8B4AE0-48BE-4A49-9C9C-654C195C8AB2}.Debug|x86.ActiveCfg = Debug|Any CPU
		{2A8B4AE0-48BE-4A49-9C9C-654C195C8AB2}.Debug|x86.Build.0 = Debug|Any CPU
		{2A8B4AE0-48BE-4A49-9C9C-654C195C8AB2}.Release|Any CPU.ActiveCfg = Release|Any CPU
		{2A8B4AE0-48BE-4A49-9C9C-654C195C8AB2}.Release|Any CPU.Build.0 = Release|Any CPU
		{2A8B4AE0-48BE-4A49-9C9C-654C195C8AB2}.Release|x86.ActiveCfg = Release|Any CPU
		{2A8B4AE0-48BE-4A49-9C9C-654C195C8AB2}.Release|x86.Build.0 = Release|Any CPU
		{36B2699D-69D9-486E-8253-E63230CB50E2}.Debug|Any CPU.ActiveCfg = Debug|Any CPU
		{36B2699D-69D9-486E-8253-E63230CB50E2}.Debug|Any CPU.Build.0 = Debug|Any CPU
		{36B2699D-69D9-486E-8253-E63230CB50E2}.Debug|x86.ActiveCfg = Debug|Any CPU
		{36B2699D-69D9-486E-8253-E63230CB50E2}.Debug|x86.Build.0 = Debug|Any CPU
		{36B2699D-69D9-486E-8253-E63230CB50E2}.Release|Any CPU.ActiveCfg = Release|Any CPU
		{36B2699D-69D9-486E-8253-E63230CB50E2}.Release|Any CPU.Build.0 = Release|Any CPU
		{36B2699D-69D9-486E-8253-E63230CB50E2}.Release|x86.ActiveCfg = Release|Any CPU
		{36B2699D-69D9-486E-8253-E63230CB50E2}.Release|x86.Build.0 = Release|Any CPU
	EndGlobalSection
	GlobalSection(SolutionProperties) = preSolution
		HideSolutionNode = FALSE
	EndGlobalSection
	GlobalSection(NestedProjects) = preSolution
		{7468759C-A5A4-4228-B61C-41DE35482069} = {117E0D45-AA2F-4A2B-AAD5-C3101E1CBCA8}
	EndGlobalSection
	GlobalSection(ExtensibilityGlobals) = postSolution
		SolutionGuid = {0F2F78E8-3B75-46F8-AA06-8F4D6DCDF15E}
	EndGlobalSection
EndGlobal
